
Microsoft Visual Studio Solution File, Format Version 12.00
# Visual Studio Version 16
VisualStudioVersion = 16.0.29123.89
MinimumVisualStudioVersion = 10.0.40219.1
Project("{FAE04EC0-301F-11D3-BF4B-00C04F79EFBC}") = "MyLeasing.Common", "MyLeasing.Common\MyLeasing.Common.csproj", "{093910BB-7AAA-421C-A73B-98620F4FDBB9}"
EndProject
Project("{FAE04EC0-301F-11D3-BF4B-00C04F79EFBC}") = "MyLeasing.Web", "MyLeasing.Web\MyLeasing.Web.csproj", "{4EADD0AD-3148-4911-A5C4-DBEC80464BE5}"
EndProject
Global
	GlobalSection(SolutionConfigurationPlatforms) = preSolution
		Debug|Any CPU = Debug|Any CPU
		Release|Any CPU = Release|Any CPU
	EndGlobalSection
	GlobalSection(ProjectConfigurationPlatforms) = postSolution
		{093910BB-7AAA-421C-A73B-98620F4FDBB9}.Debug|Any CPU.ActiveCfg = Debug|Any CPU
		{093910BB-7AAA-421C-A73B-98620F4FDBB9}.Debug|Any CPU.Build.0 = Debug|Any CPU
		{093910BB-7AAA-421C-A73B-98620F4FDBB9}.Release|Any CPU.ActiveCfg = Release|Any CPU
		{093910BB-7AAA-421C-A73B-98620F4FDBB9}.Release|Any CPU.Build.0 = Release|Any CPU
		{4EADD0AD-3148-4911-A5C4-DBEC80464BE5}.Debug|Any CPU.ActiveCfg = Debug|Any CPU
		{4EADD0AD-3148-4911-A5C4-DBEC80464BE5}.Debug|Any CPU.Build.0 = Debug|Any CPU
		{4EADD0AD-3148-4911-A5C4-DBEC80464BE5}.Release|Any CPU.ActiveCfg = Release|Any CPU
		{4EADD0AD-3148-4911-A5C4-DBEC80464BE5}.Release|Any CPU.Build.0 = Release|Any CPU
	EndGlobalSection
	GlobalSection(SolutionProperties) = preSolution
		HideSolutionNode = FALSE
	EndGlobalSection
	GlobalSection(ExtensibilityGlobals) = postSolution
		SolutionGuid = {DAFA9DAA-DBFB-4410-B1E5-3BB5A6995DD8}
	EndGlobalSection
EndGlobal
